{
  "nodes": {
    "flake-parts": {
      "inputs": {
        "nixpkgs-lib": "nixpkgs-lib"
      },
      "locked": {
        "lastModified": 1719994518,
        "narHash": "sha256-pQMhCCHyQGRzdfAkdJ4cIWiw+JNuWsTX7f0ZYSyz0VY=",
        "owner": "hercules-ci",
        "repo": "flake-parts",
        "rev": "9227223f6d922fee3c7b190b2cc238a99527bbb7",
        "type": "github"
      },
      "original": {
        "owner": "hercules-ci",
        "repo": "flake-parts",
        "type": "github"
      }
    },
    "flake-root": {
      "locked": {
        "lastModified": 1713493429,
        "narHash": "sha256-ztz8JQkI08tjKnsTpfLqzWoKFQF4JGu2LRz8bkdnYUk=",
        "owner": "srid",
        "repo": "flake-root",
        "rev": "bc748b93b86ee76e2032eecda33440ceb2532fcd",
        "type": "github"
      },
      "original": {
        "owner": "srid",
        "repo": "flake-root",
        "type": "github"
      }
    },
    "haskell-flake": {
      "locked": {
        "lastModified": 1720977934,
        "narHash": "sha256-k9kwz2lpUqafRUpuCMgkv4AWtHEoJPCds1ZPRkyW2XE=",
        "owner": "srid",
        "repo": "haskell-flake",
        "rev": "cd449f1c04175efdf5b553302d22916640090066",
        "type": "github"
      },
      "original": {
        "owner": "srid",
        "repo": "haskell-flake",
        "type": "github"
      }
    },
    "mission-control": {
      "locked": {
        "lastModified": 1718815759,
        "narHash": "sha256-hzLbxU580EaxKmkbQkiaMF3NoIzrcmVryGul5WSQatA=",
        "owner": "Platonic-Systems",
        "repo": "mission-control",
        "rev": "db5e2cc39c6799b301412d69182b9221c65146a8",
        "type": "github"
      },
      "original": {
        "owner": "Platonic-Systems",
        "repo": "mission-control",
        "type": "github"
      }
    },
    "nixpkgs": {
      "locked": {
        "lastModified": 1720954236,
        "narHash": "sha256-1mEKHp4m9brvfQ0rjCca8P1WHpymK3TOr3v34ydv9bs=",
        "owner": "nixos",
        "repo": "nixpkgs",
        "rev": "53e81e790209e41f0c1efa9ff26ff2fd7ab35e27",
        "type": "github"
      },
      "original": {
        "owner": "nixos",
        "ref": "nixos-24.05",
        "repo": "nixpkgs",
        "type": "github"
      }
    },
    "nixpkgs-lib": {
      "locked": {
        "lastModified": 1719876945,
        "narHash": "sha256-Fm2rDDs86sHy0/1jxTOKB1118Q0O3Uc7EC0iXvXKpbI=",
        "type": "tarball",
        "url": "https://github.com/NixOS/nixpkgs/archive/5daf0514482af3f97abaefc78a6606365c9108e2.tar.gz"
      },
      "original": {
        "type": "tarball",
        "url": "https://github.com/NixOS/nixpkgs/archive/5daf0514482af3f97abaefc78a6606365c9108e2.tar.gz"
      }
    },
    "reactive-banana": {
      "flake": false,
      "locked": {
        "lastModified": 1706483511,
        "narHash": "sha256-326/EE6i9Vs+5PPtn+OgdEdkFOKIq/aDUgx0bULtYG0=",
        "owner": "HeinrichApfelmus",
        "repo": "reactive-banana",
        "rev": "b7d834c70d8b972285ca95ffac32b1f9c713c357",
        "type": "github"
      },
      "original": {
        "owner": "HeinrichApfelmus",
        "repo": "reactive-banana",
        "type": "github"
      }
    },
    "root": {
      "inputs": {
        "flake-parts": "flake-parts",
        "flake-root": "flake-root",
        "haskell-flake": "haskell-flake",
        "mission-control": "mission-control",
        "nixpkgs": "nixpkgs",
        "reactive-banana": "reactive-banana",
        "systems": "systems",
        "treefmt-nix": "treefmt-nix",
        "wxHaskell": "wxHaskell"
      }
    },
    "systems": {
      "locked": {
        "lastModified": 1681028828,
        "narHash": "sha256-Vy1rq5AaRuLzOxct8nz4T6wlgyUR7zLU309k9mBC768=",
        "owner": "nix-systems",
        "repo": "default",
        "rev": "da67096a3b9bf56a91d16901293e51ba5b49a27e",
        "type": "github"
      },
      "original": {
        "owner": "nix-systems",
        "repo": "default",
        "type": "github"
      }
    },
    "treefmt-nix": {
      "inputs": {
        "nixpkgs": [
          "nixpkgs"
        ]
      },
      "locked": {
        "lastModified": 1721059077,
        "narHash": "sha256-gCICMMX7VMSKKt99giDDtRLkHJ0cwSgBtDijJAqTlto=",
        "owner": "numtide",
        "repo": "treefmt-nix",
        "rev": "0fb28f237f83295b4dd05e342f333b447c097398",
        "type": "github"
      },
      "original": {
        "owner": "numtide",
        "repo": "treefmt-nix",
        "type": "github"
      }
    },
    "wxHaskell": {
      "flake": false,
      "locked": {
        "lastModified": 1718437152,
        "narHash": "sha256-hHZ9yhlf4ytuJOVPyIjQLPcLhAM+vdmnkk1ZeOHn43k=",
        "ref": "master",
        "rev": "de5e4182ca37fb424e1f9642d78fdea9ea0cd144",
        "revCount": 1026,
        "type": "git",
        "url": "https://codeberg.org/wxHaskell/wxHaskell"
      },
      "original": {
        "ref": "master",
        "type": "git",
        "url": "https://codeberg.org/wxHaskell/wxHaskell"
      }
    }
  },
  "root": "root",
  "version": 7
}
